
Microsoft Visual Studio Solution File, Format Version 12.00
# Visual Studio Version 17
VisualStudioVersion = 17.0.32014.148
MinimumVisualStudioVersion = 10.0.40219.1
Project("{9A19103F-16F7-4668-BE54-9A1E7A4F7556}") = "Dotnet.Api", "Dotnet.Api\Dotnet.Api.csproj", "{CC7E3C8D-3ABC-4396-BDCA-36CAE6261CA3}"
EndProject
Project("{2150E333-8FDC-42A3-9474-1A3956D46DE8}") = "src", "src", "{F5B9690C-0713-4828-B4A8-B7EC3DA6CAE0}"
EndProject
Project("{2150E333-8FDC-42A3-9474-1A3956D46DE8}") = "test", "test", "{BE4A1C74-8C5F-4ECF-ADC7-404137CF9227}"
EndProject
Global
	GlobalSection(SolutionConfigurationPlatforms) = preSolution
		Debug|Any CPU = Debug|Any CPU
		Release|Any CPU = Release|Any CPU
	EndGlobalSection
	GlobalSection(ProjectConfigurationPlatforms) = postSolution
		{CC7E3C8D-3ABC-4396-BDCA-36CAE6261CA3}.Debug|Any CPU.ActiveCfg = Debug|Any CPU
		{CC7E3C8D-3ABC-4396-BDCA-36CAE6261CA3}.Debug|Any CPU.Build.0 = Debug|Any CPU
		{CC7E3C8D-3ABC-4396-BDCA-36CAE6261CA3}.Release|Any CPU.ActiveCfg = Release|Any CPU
		{CC7E3C8D-3ABC-4396-BDCA-36CAE6261CA3}.Release|Any CPU.Build.0 = Release|Any CPU
	EndGlobalSection
	GlobalSection(SolutionProperties) = preSolution
		HideSolutionNode = FALSE
	EndGlobalSection
	GlobalSection(NestedProjects) = preSolution
		{CC7E3C8D-3ABC-4396-BDCA-36CAE6261CA3} = {F5B9690C-0713-4828-B4A8-B7EC3DA6CAE0}
	EndGlobalSection
	GlobalSection(ExtensibilityGlobals) = postSolution
		SolutionGuid = {25A1A361-8A95-4B62-8A98-6001EAEF1D3D}
	EndGlobalSection
EndGlobal
